Microsoft Visual Studio Solution File, Format Version 12.00
# Visual Studio Version 17
VisualStudioVersion = 17.0.31717.71
MinimumVisualStudioVersion = 10.0.40219.1
Project("{9A19103F-16F7-4668-BE54-9A1E7A4F7556}") = "SkinApi.Gui", "SkinApi.Gui.csproj", "{C9ED82BD-79E1-4A43-A256-B00A29AE2F2A}"
EndProject
Global
	GlobalSection(SolutionConfigurationPlatforms) = preSolution
		Debug|Any CPU = Debug|Any CPU
		Release|Any CPU = Release|Any CPU
	EndGlobalSection
	GlobalSection(ProjectConfigurationPlatforms) = postSolution
		{C9ED82BD-79E1-4A43-A256-B00A29AE2F2A}.Debug|Any CPU.ActiveCfg = Debug|Any CPU
		{C9ED82BD-79E1-4A43-A256-B00A29AE2F2A}.Debug|Any CPU.Build.0 = Debug|Any CPU
		{C9ED82BD-79E1-4A43-A256-B00A29AE2F2A}.Release|Any CPU.ActiveCfg = Release|Any CPU
		{C9ED82BD-79E1-4A43-A256-B00A29AE2F2A}.Release|Any CPU.Build.0 = Release|Any CPU
	EndGlobalSection
	GlobalSection(SolutionProperties) = preSolution
		HideSolutionNode = FALSE
	EndGlobalSection
	GlobalSection(ExtensibilityGlobals) = postSolution
		SolutionGuid = {135CA127-79C4-4B18-8E53-9484CA3C6D44}
	EndGlobalSection
EndGlobal
